
Microsoft Visual Studio Solution File, Format Version 12.00
# Visual Studio 2012
Project("{FAE04EC0-301F-11D3-BF4B-00C04F79EFBC}") = "GenderCoder", "GenderCoder\GenderCoder.csproj", "{1DD0459B-B612-41B4-A045-673AFE0C5C6F}"
EndProject
Global
	GlobalSection(SolutionConfigurationPlatforms) = preSolution
		Debug|Any CPU = Debug|Any CPU
		Release|Any CPU = Release|Any CPU
	EndGlobalSection
	GlobalSection(ProjectConfigurationPlatforms) = postSolution
		{1DD0459B-B612-41B4-A045-673AFE0C5C6F}.Debug|Any CPU.ActiveCfg = Debug|Any CPU
		{1DD0459B-B612-41B4-A045-673AFE0C5C6F}.Debug|Any CPU.Build.0 = Debug|Any CPU
		{1DD0459B-B612-41B4-A045-673AFE0C5C6F}.Release|Any CPU.ActiveCfg = Release|Any CPU
		{1DD0459B-B612-41B4-A045-673AFE0C5C6F}.Release|Any CPU.Build.0 = Release|Any CPU
	EndGlobalSection
	GlobalSection(SolutionProperties) = preSolution
		HideSolutionNode = FALSE
	EndGlobalSection
EndGlobal
